version = 1
revision = 3
requires-python = ">=3.11"

[[package]]
name = "zizmor"
version = "1.28.0"
source = { registry = "https://pypi.org/simple" }
sdist = { url = "https://files.pythonhosted.org/packages/64/92/6b58872ac1184a441037bdc05c658a3900f49401b25f6e834a268ef6ff52/zizmor-1.28.0.tar.gz", hash = "sha256:6d5a300b80bf4c12e9cbe78ffd3874ec3f94b65bea78c994ec18157e2846ece0", size = 550169, upload-time = "2026-07-21T22:16:27.361Z" }
wheels = [
    { url = "https://files.pythonhosted.org/packages/e8/48/a725a1c34e5565eeeb4e4a93c59662f206e5156f2029627c66b2373edf55/zizmor-1.28.0-py3-none-macosx_10_12_x86_64.whl", hash = "sha256:149dba59a8bd2897960ee54c40ae8b5801a71293bad71c8d2913c74ab66a294c", size = 8909502, upload-time = "2026-07-21T22:16:07.47Z" },
    { url = "https://files.pythonhosted.org/packages/20/92/ba6d0eb2b336b4c4826bb0c9ed23c3239d46d71d8c1ddd2d395efeff7f52/zizmor-1.28.0-py3-none-macosx_11_0_arm64.whl", hash = "sha256:0949f57a6d20deeb9c509705afce8de233c166475e25be305985a1fe553c6e0d", size = 8520554, upload-time = "2026-07-21T22:16:09.587Z" },
    { url = "https://files.pythonhosted.org/packages/4f/07/69aba8157056fc0949cbdc787d8437813961e204a117c629d34afc827d6d/zizmor-1.28.0-py3-none-manylinux_2_24_aarch64.whl", hash = "sha256:9819f91f0ef486e4af98a6aacfed23c6b4067fabcecb88d49231228a3d43f821", size = 8759226, upload-time = "2026-07-21T22:16:11.627Z" },
    { url = "https://files.pythonhosted.org/packages/69/33/b65717a3ca4573611f47612e67be5458ff700e857f49f759741fa67b0519/zizmor-1.28.0-py3-none-manylinux_2_28_armv7l.whl", hash = "sha256:354e6cb98a15a88593a6f7ac6236b092b83a2aad5c4768ee750f9b3262f668d9", size = 8382005, upload-time = "2026-07-21T22:16:13.896Z" },
    { url = "https://files.pythonhosted.org/packages/5b/b4/f823bd2a1ba6dc432fdcbd249d4c442ce79bd137d34d986fce5c181f2800/zizmor-1.28.0-py3-none-manylinux_2_28_x86_64.whl", hash = "sha256:ae2cab67ce713e760e0d1b61ad749d374693ea2b310337aab11cd446748267f3", size = 9175601, upload-time = "2026-07-21T22:16:16.177Z" },
    { url = "https://files.pythonhosted.org/packages/f3/75/adad17b0320eb3bc9ed797019fccf69a809affdf5ba9402bdc8b910957e1/zizmor-1.28.0-py3-none-musllinux_1_2_aarch64.whl", hash = "sha256:7b00018cf2cc948c3b3e010c1a1f30fdc001f0d062640469f17e0ef006e74eb7", size = 8792861, upload-time = "2026-07-21T22:16:18.035Z" },
    { url = "https://files.pythonhosted.org/packages/1a/3d/4d5583f24730f404c104eacf8aca4ca5a3d4c480e9d3cfe3eadd93351fd6/zizmor-1.28.0-py3-none-musllinux_1_2_armv7l.whl", hash = "sha256:6897f02b0d02fd709f5ebc13cd37d97ad464219e0ba86a03f6d86f7777b7b102", size = 8343070, upload-time = "2026-07-21T22:16:20.092Z" },
    { url = "https://files.pythonhosted.org/packages/97/e2/4521e6dd56bc0d44eefb177794e261925c5cd00ab647b17e5513bddcb985/zizmor-1.28.0-py3-none-musllinux_1_2_x86_64.whl", hash = "sha256:ef69d198dcf6835c9b6eea8673cbc5c36f10b3f1b98b51d28266b7e01c3704d4", size = 9262222, upload-time = "2026-07-21T22:16:21.89Z" },
    { url = "https://files.pythonhosted.org/packages/a2/96/5d841d197c821921cb8243352c610ca2505a86871c10f81efe4da190d24c/zizmor-1.28.0-py3-none-win32.whl", hash = "sha256:833c360ba5a9c74ca45007b8c79939826fca0c5ed65144fa08f63a7009cef096", size = 7541161, upload-time = "2026-07-21T22:16:23.965Z" },
    { url = "https://files.pythonhosted.org/packages/b1/f5/3f4591746e5a9c7e8efc2e9e02aa43e1aa0957fe33cae64ce386c74b882e/zizmor-1.28.0-py3-none-win_amd64.whl", hash = "sha256:c93b30d211b0b0c38905a8803cc2653fff37de03eb77105302a02f709773bd4a", size = 8619340, upload-time = "2026-07-21T22:16:25.6Z" },
]

[[package]]
name = "zizmor-scan-action-pin"
version = "0.0.0"
source = { virtual = "." }
dependencies = [
    { name = "zizmor" },
]

[package.metadata]
requires-dist = [{ name = "zizmor", specifier = "==1.28.0" }]
